
Microsoft Visual Studio Solution File, Format Version 12.00
# Visual Studio Version 17
VisualStudioVersion = 17.5.002.0
MinimumVisualStudioVersion = 10.0.40219.1
Project("{9A19103F-16F7-4668-BE54-9A1E7A4F7556}") = "BlazorPlayground", "BlazorPlayground\BlazorPlayground.csproj", "{ECAEAD2E-A198-4172-8F6D-060CDC27906D}"
EndProject
Project("{2150E333-8FDC-42A3-9474-1A3956D46DE8}") = "Misc", "Misc", "{929E5F74-BA4F-4052-9019-8202D09EEB9A}"
	ProjectSection(SolutionItems) = preProject
		.gitignore = .gitignore
		.nojekyll = .nojekyll
		.github\workflows\static.yml = .github\workflows\static.yml
	EndProjectSection
EndProject
Global
	GlobalSection(SolutionConfigurationPlatforms) = preSolution
		Debug|Any CPU = Debug|Any CPU
		Release|Any CPU = Release|Any CPU
	EndGlobalSection
	GlobalSection(ProjectConfigurationPlatforms) = postSolution
		{ECAEAD2E-A198-4172-8F6D-060CDC27906D}.Debug|Any CPU.ActiveCfg = Debug|Any CPU
		{ECAEAD2E-A198-4172-8F6D-060CDC27906D}.Debug|Any CPU.Build.0 = Debug|Any CPU
		{ECAEAD2E-A198-4172-8F6D-060CDC27906D}.Release|Any CPU.ActiveCfg = Release|Any CPU
		{ECAEAD2E-A198-4172-8F6D-060CDC27906D}.Release|Any CPU.Build.0 = Release|Any CPU
	EndGlobalSection
	GlobalSection(SolutionProperties) = preSolution
		HideSolutionNode = FALSE
	EndGlobalSection
	GlobalSection(ExtensibilityGlobals) = postSolution
		SolutionGuid = {3C85A332-DCE5-4727-8AD5-029B6BD706EC}
	EndGlobalSection
EndGlobal
